<Solution>
  <Project Path="CakeOS.Entity/CakeOS.Entity.csproj" Id="50e8d4d8-92c0-4ea2-b3a0-2148d22c677a" />
  <Project Path="Business/CakeOs.Business.csproj" />
  <Project Path="CakeOs.Data/CakeOs.Data.csproj" />
  <Project Path="CakeOS.Utilities/CakeOS.Utilities.csproj" />
  <Project Path="CakeOs.Web/CakeOs.Web.csproj" />
  <Project Path="Entity/CakeOs.Entity.csproj" />
</Solution>
